
Microsoft Visual Studio Solution File, Format Version 12.00
# Visual Studio Version 17
VisualStudioVersion = 17.11.35327.3
MinimumVisualStudioVersion = 10.0.40219.1
Project("{888888A0-9F3D-457C-B088-3A5042F75D52}") = "Python Loops Project", "Python Loops Project.pyproj", "{1020DEE4-34B5-42E5-A16B-EFB2D8B05071}"
EndProject
Global
	GlobalSection(SolutionConfigurationPlatforms) = preSolution
		Debug|Any CPU = Debug|Any CPU
		Release|Any CPU = Release|Any CPU
	EndGlobalSection
	GlobalSection(ProjectConfigurationPlatforms) = postSolution
		{1020DEE4-34B5-42E5-A16B-EFB2D8B05071}.Debug|Any CPU.ActiveCfg = Debug|Any CPU
		{1020DEE4-34B5-42E5-A16B-EFB2D8B05071}.Release|Any CPU.ActiveCfg = Release|Any CPU
	EndGlobalSection
	GlobalSection(SolutionProperties) = preSolution
		HideSolutionNode = FALSE
	EndGlobalSection
	GlobalSection(ExtensibilityGlobals) = postSolution
		SolutionGuid = {2749D28A-9E0E-44EC-A46C-B9D73DEC3352}
	EndGlobalSection
EndGlobal
